
Microsoft Visual Studio Solution File, Format Version 12.00
# Visual Studio Version 16
VisualStudioVersion = 16.0.31613.86
MinimumVisualStudioVersion = 10.0.40219.1
Project("{FAE04EC0-301F-11D3-BF4B-00C04F79EFBC}") = "MoaAdventure", "MoaAdventure.csproj", "{BF040061-DA4A-4E41-A6B8-1E87F41C842A}"
EndProject
Global
	GlobalSection(SolutionConfigurationPlatforms) = preSolution
		Debug|Any CPU = Debug|Any CPU
		Release|Any CPU = Release|Any CPU
	EndGlobalSection
	GlobalSection(ProjectConfigurationPlatforms) = postSolution
		{BF040061-DA4A-4E41-A6B8-1E87F41C842A}.Debug|Any CPU.ActiveCfg = Debug|Any CPU
		{BF040061-DA4A-4E41-A6B8-1E87F41C842A}.Debug|Any CPU.Build.0 = Debug|Any CPU
		{BF040061-DA4A-4E41-A6B8-1E87F41C842A}.Release|Any CPU.ActiveCfg = Release|Any CPU
		{BF040061-DA4A-4E41-A6B8-1E87F41C842A}.Release|Any CPU.Build.0 = Release|Any CPU
	EndGlobalSection
	GlobalSection(SolutionProperties) = preSolution
		HideSolutionNode = FALSE
	EndGlobalSection
	GlobalSection(ExtensibilityGlobals) = postSolution
		SolutionGuid = {5B95BCB2-7055-46CF-AE8E-E1DE1F4BE653}
	EndGlobalSection
EndGlobal
